
Microsoft Visual Studio Solution File, Format Version 12.00
# Visual Studio Version 16
VisualStudioVersion = 16.0.33423.256
MinimumVisualStudioVersion = 10.0.40219.1
Project("{FAE04EC0-301F-11D3-BF4B-00C04F79EFBC}") = "ConstructorAssignment", "ConstructorAssignment\ConstructorAssignment.csproj", "{B090C40D-A0B2-4A5B-A0A8-B002FFFFA621}"
EndProject
Global
	GlobalSection(SolutionConfigurationPlatforms) = preSolution
		Debug|Any CPU = Debug|Any CPU
		Release|Any CPU = Release|Any CPU
	EndGlobalSection
	GlobalSection(ProjectConfigurationPlatforms) = postSolution
		{B090C40D-A0B2-4A5B-A0A8-B002FFFFA621}.Debug|Any CPU.ActiveCfg = Debug|Any CPU
		{B090C40D-A0B2-4A5B-A0A8-B002FFFFA621}.Debug|Any CPU.Build.0 = Debug|Any CPU
		{B090C40D-A0B2-4A5B-A0A8-B002FFFFA621}.Release|Any CPU.ActiveCfg = Release|Any CPU
		{B090C40D-A0B2-4A5B-A0A8-B002FFFFA621}.Release|Any CPU.Build.0 = Release|Any CPU
	EndGlobalSection
	GlobalSection(SolutionProperties) = preSolution
		HideSolutionNode = FALSE
	EndGlobalSection
	GlobalSection(ExtensibilityGlobals) = postSolution
		SolutionGuid = {8E6BBDF6-E35E-47DA-B017-A6B3FB085FA9}
	EndGlobalSection
EndGlobal
