
Microsoft Visual Studio Solution File, Format Version 12.00
# Visual Studio Version 16
VisualStudioVersion = 16.0.33423.256
MinimumVisualStudioVersion = 10.0.40219.1
Project("{FAE04EC0-301F-11D3-BF4B-00C04F79EFBC}") = "ParsingEnums", "ParsingEnums\ParsingEnums.csproj", "{9214B6B9-EEB9-4A48-AE57-1359B44B2C3B}"
EndProject
Global
	GlobalSection(SolutionConfigurationPlatforms) = preSolution
		Debug|Any CPU = Debug|Any CPU
		Release|Any CPU = Release|Any CPU
	EndGlobalSection
	GlobalSection(ProjectConfigurationPlatforms) = postSolution
		{9214B6B9-EEB9-4A48-AE57-1359B44B2C3B}.Debug|Any CPU.ActiveCfg = Debug|Any CPU
		{9214B6B9-EEB9-4A48-AE57-1359B44B2C3B}.Debug|Any CPU.Build.0 = Debug|Any CPU
		{9214B6B9-EEB9-4A48-AE57-1359B44B2C3B}.Release|Any CPU.ActiveCfg = Release|Any CPU
		{9214B6B9-EEB9-4A48-AE57-1359B44B2C3B}.Release|Any CPU.Build.0 = Release|Any CPU
	EndGlobalSection
	GlobalSection(SolutionProperties) = preSolution
		HideSolutionNode = FALSE
	EndGlobalSection
	GlobalSection(ExtensibilityGlobals) = postSolution
		SolutionGuid = {6A200B18-40DF-475A-8C2E-B074D19D7B71}
	EndGlobalSection
EndGlobal
