
Microsoft Visual Studio Solution File, Format Version 12.00
# Visual Studio Version 16
VisualStudioVersion = 16.0.33423.256
MinimumVisualStudioVersion = 10.0.40219.1
Project("{FAE04EC0-301F-11D3-BF4B-00C04F79EFBC}") = "ClassSubmissionAssignment", "ClassSubmissionAssignment\ClassSubmissionAssignment.csproj", "{6840C412-5C9D-469F-89C9-52B3613C908C}"
EndProject
Global
	GlobalSection(SolutionConfigurationPlatforms) = preSolution
		Debug|Any CPU = Debug|Any CPU
		Release|Any CPU = Release|Any CPU
	EndGlobalSection
	GlobalSection(ProjectConfigurationPlatforms) = postSolution
		{6840C412-5C9D-469F-89C9-52B3613C908C}.Debug|Any CPU.ActiveCfg = Debug|Any CPU
		{6840C412-5C9D-469F-89C9-52B3613C908C}.Debug|Any CPU.Build.0 = Debug|Any CPU
		{6840C412-5C9D-469F-89C9-52B3613C908C}.Release|Any CPU.ActiveCfg = Release|Any CPU
		{6840C412-5C9D-469F-89C9-52B3613C908C}.Release|Any CPU.Build.0 = Release|Any CPU
	EndGlobalSection
	GlobalSection(SolutionProperties) = preSolution
		HideSolutionNode = FALSE
	EndGlobalSection
	GlobalSection(ExtensibilityGlobals) = postSolution
		SolutionGuid = {2A085130-C2F2-4EEF-ADFB-BC82D7A2AA0B}
	EndGlobalSection
EndGlobal
