
Microsoft Visual Studio Solution File, Format Version 12.00
# Visual Studio Version 16
VisualStudioVersion = 16.0.33423.256
MinimumVisualStudioVersion = 10.0.40219.1
Project("{FAE04EC0-301F-11D3-BF4B-00C04F79EFBC}") = "CallingMethods", "CallingMethods\CallingMethods.csproj", "{B2F5AE93-1514-432A-B194-F57E5F71AF17}"
EndProject
Global
	GlobalSection(SolutionConfigurationPlatforms) = preSolution
		Debug|Any CPU = Debug|Any CPU
		Release|Any CPU = Release|Any CPU
	EndGlobalSection
	GlobalSection(ProjectConfigurationPlatforms) = postSolution
		{B2F5AE93-1514-432A-B194-F57E5F71AF17}.Debug|Any CPU.ActiveCfg = Debug|Any CPU
		{B2F5AE93-1514-432A-B194-F57E5F71AF17}.Debug|Any CPU.Build.0 = Debug|Any CPU
		{B2F5AE93-1514-432A-B194-F57E5F71AF17}.Release|Any CPU.ActiveCfg = Release|Any CPU
		{B2F5AE93-1514-432A-B194-F57E5F71AF17}.Release|Any CPU.Build.0 = Release|Any CPU
	EndGlobalSection
	GlobalSection(SolutionProperties) = preSolution
		HideSolutionNode = FALSE
	EndGlobalSection
	GlobalSection(ExtensibilityGlobals) = postSolution
		SolutionGuid = {3FD31C41-E165-4265-A880-E32B537C9C1B}
	EndGlobalSection
EndGlobal
