
Microsoft Visual Studio Solution File, Format Version 12.00
# Visual Studio Version 16
VisualStudioVersion = 16.0.33423.256
MinimumVisualStudioVersion = 10.0.40219.1
Project("{FAE04EC0-301F-11D3-BF4B-00C04F79EFBC}") = "MethodSubmissionAssignment", "MethodSubmissionAssignment\MethodSubmissionAssignment.csproj", "{BADEBD3F-0876-458F-A7E8-CEFB05BF9D20}"
EndProject
Global
	GlobalSection(SolutionConfigurationPlatforms) = preSolution
		Debug|Any CPU = Debug|Any CPU
		Release|Any CPU = Release|Any CPU
	EndGlobalSection
	GlobalSection(ProjectConfigurationPlatforms) = postSolution
		{BADEBD3F-0876-458F-A7E8-CEFB05BF9D20}.Debug|Any CPU.ActiveCfg = Debug|Any CPU
		{BADEBD3F-0876-458F-A7E8-CEFB05BF9D20}.Debug|Any CPU.Build.0 = Debug|Any CPU
		{BADEBD3F-0876-458F-A7E8-CEFB05BF9D20}.Release|Any CPU.ActiveCfg = Release|Any CPU
		{BADEBD3F-0876-458F-A7E8-CEFB05BF9D20}.Release|Any CPU.Build.0 = Release|Any CPU
	EndGlobalSection
	GlobalSection(SolutionProperties) = preSolution
		HideSolutionNode = FALSE
	EndGlobalSection
	GlobalSection(ExtensibilityGlobals) = postSolution
		SolutionGuid = {E6A51E8D-AD35-4057-94A6-668ECCECC1A4}
	EndGlobalSection
EndGlobal
