
Microsoft Visual Studio Solution File, Format Version 12.00
# Visual Studio Version 16
VisualStudioVersion = 16.0.33328.57
MinimumVisualStudioVersion = 10.0.40219.1
Project("{FAE04EC0-301F-11D3-BF4B-00C04F79EFBC}") = "ArrayConsoleApp", "ArrayConsoleApp\ArrayConsoleApp.csproj", "{A6251BD3-C7DD-40C9-99A6-BF155F830BE7}"
EndProject
Global
	GlobalSection(SolutionConfigurationPlatforms) = preSolution
		Debug|Any CPU = Debug|Any CPU
		Release|Any CPU = Release|Any CPU
	EndGlobalSection
	GlobalSection(ProjectConfigurationPlatforms) = postSolution
		{A6251BD3-C7DD-40C9-99A6-BF155F830BE7}.Debug|Any CPU.ActiveCfg = Debug|Any CPU
		{A6251BD3-C7DD-40C9-99A6-BF155F830BE7}.Debug|Any CPU.Build.0 = Debug|Any CPU
		{A6251BD3-C7DD-40C9-99A6-BF155F830BE7}.Release|Any CPU.ActiveCfg = Release|Any CPU
		{A6251BD3-C7DD-40C9-99A6-BF155F830BE7}.Release|Any CPU.Build.0 = Release|Any CPU
	EndGlobalSection
	GlobalSection(SolutionProperties) = preSolution
		HideSolutionNode = FALSE
	EndGlobalSection
	GlobalSection(ExtensibilityGlobals) = postSolution
		SolutionGuid = {68E19674-2672-4324-98FC-5EB21BC9B236}
	EndGlobalSection
EndGlobal
