
Microsoft Visual Studio Solution File, Format Version 12.00
# Visual Studio Version 16
VisualStudioVersion = 16.0.33423.256
MinimumVisualStudioVersion = 10.0.40219.1
Project("{FAE04EC0-301F-11D3-BF4B-00C04F79EFBC}") = "DateTime_Assignment", "DateTime_Assignment\DateTime_Assignment.csproj", "{A3253017-25C4-4E44-8C02-16A5436488FB}"
EndProject
Global
	GlobalSection(SolutionConfigurationPlatforms) = preSolution
		Debug|Any CPU = Debug|Any CPU
		Release|Any CPU = Release|Any CPU
	EndGlobalSection
	GlobalSection(ProjectConfigurationPlatforms) = postSolution
		{A3253017-25C4-4E44-8C02-16A5436488FB}.Debug|Any CPU.ActiveCfg = Debug|Any CPU
		{A3253017-25C4-4E44-8C02-16A5436488FB}.Debug|Any CPU.Build.0 = Debug|Any CPU
		{A3253017-25C4-4E44-8C02-16A5436488FB}.Release|Any CPU.ActiveCfg = Release|Any CPU
		{A3253017-25C4-4E44-8C02-16A5436488FB}.Release|Any CPU.Build.0 = Release|Any CPU
	EndGlobalSection
	GlobalSection(SolutionProperties) = preSolution
		HideSolutionNode = FALSE
	EndGlobalSection
	GlobalSection(ExtensibilityGlobals) = postSolution
		SolutionGuid = {05F8A044-2069-4F56-8494-FD38A5272F51}
	EndGlobalSection
EndGlobal
