
Microsoft Visual Studio Solution File, Format Version 12.00
# Visual Studio Version 16
VisualStudioVersion = 16.0.33423.256
MinimumVisualStudioVersion = 10.0.40219.1
Project("{FAE04EC0-301F-11D3-BF4B-00C04F79EFBC}") = "OperatorsAssignment", "OperatorsAssignment\OperatorsAssignment.csproj", "{173B48B1-80D3-41B1-8E5C-1C55FFEDF38E}"
EndProject
Global
	GlobalSection(SolutionConfigurationPlatforms) = preSolution
		Debug|Any CPU = Debug|Any CPU
		Release|Any CPU = Release|Any CPU
	EndGlobalSection
	GlobalSection(ProjectConfigurationPlatforms) = postSolution
		{173B48B1-80D3-41B1-8E5C-1C55FFEDF38E}.Debug|Any CPU.ActiveCfg = Debug|Any CPU
		{173B48B1-80D3-41B1-8E5C-1C55FFEDF38E}.Debug|Any CPU.Build.0 = Debug|Any CPU
		{173B48B1-80D3-41B1-8E5C-1C55FFEDF38E}.Release|Any CPU.ActiveCfg = Release|Any CPU
		{173B48B1-80D3-41B1-8E5C-1C55FFEDF38E}.Release|Any CPU.Build.0 = Release|Any CPU
	EndGlobalSection
	GlobalSection(SolutionProperties) = preSolution
		HideSolutionNode = FALSE
	EndGlobalSection
	GlobalSection(ExtensibilityGlobals) = postSolution
		SolutionGuid = {0138E350-2D1F-4701-AD47-E07A41AB015C}
	EndGlobalSection
EndGlobal
