
Microsoft Visual Studio Solution File, Format Version 12.00
# Visual Studio Version 16
VisualStudioVersion = 16.0.33423.256
MinimumVisualStudioVersion = 10.0.40219.1
Project("{FAE04EC0-301F-11D3-BF4B-00C04F79EFBC}") = "AbstractClass", "AbstractClass\AbstractClass.csproj", "{DC212D11-0415-47E4-B34E-9798138FE820}"
EndProject
Global
	GlobalSection(SolutionConfigurationPlatforms) = preSolution
		Debug|Any CPU = Debug|Any CPU
		Release|Any CPU = Release|Any CPU
	EndGlobalSection
	GlobalSection(ProjectConfigurationPlatforms) = postSolution
		{DC212D11-0415-47E4-B34E-9798138FE820}.Debug|Any CPU.ActiveCfg = Debug|Any CPU
		{DC212D11-0415-47E4-B34E-9798138FE820}.Debug|Any CPU.Build.0 = Debug|Any CPU
		{DC212D11-0415-47E4-B34E-9798138FE820}.Release|Any CPU.ActiveCfg = Release|Any CPU
		{DC212D11-0415-47E4-B34E-9798138FE820}.Release|Any CPU.Build.0 = Release|Any CPU
	EndGlobalSection
	GlobalSection(SolutionProperties) = preSolution
		HideSolutionNode = FALSE
	EndGlobalSection
	GlobalSection(ExtensibilityGlobals) = postSolution
		SolutionGuid = {3ADEAFFD-CFAF-4033-BB41-1E7AAD3B0B80}
	EndGlobalSection
EndGlobal
